
Microsoft Visual Studio Solution File, Format Version 12.00
# Visual Studio Version 17
VisualStudioVersion = 17.3.32825.248
MinimumVisualStudioVersion = 10.0.40219.1
Project("{9A19103F-16F7-4668-BE54-9A1E7A4F7556}") = "EntityFrameworkMethods", "EntityFrameworkMethods\EntityFrameworkMethods.csproj", "{3EED8506-0E2A-4A9D-AAD6-DA2D3BC488AC}"
EndProject
Project("{2150E333-8FDC-42A3-9474-1A3956D46DE8}") = "Solution Items", "Solution Items", "{D1606E0B-168B-4240-ABEE-E45760D1D530}"
	ProjectSection(SolutionItems) = preProject
		robots.txt = robots.txt
	EndProjectSection
EndProject
Global
	GlobalSection(SolutionConfigurationPlatforms) = preSolution
		Debug|Any CPU = Debug|Any CPU
		Release|Any CPU = Release|Any CPU
	EndGlobalSection
	GlobalSection(ProjectConfigurationPlatforms) = postSolution
		{3EED8506-0E2A-4A9D-AAD6-DA2D3BC488AC}.Debug|Any CPU.ActiveCfg = Debug|Any CPU
		{3EED8506-0E2A-4A9D-AAD6-DA2D3BC488AC}.Debug|Any CPU.Build.0 = Debug|Any CPU
		{3EED8506-0E2A-4A9D-AAD6-DA2D3BC488AC}.Release|Any CPU.ActiveCfg = Release|Any CPU
		{3EED8506-0E2A-4A9D-AAD6-DA2D3BC488AC}.Release|Any CPU.Build.0 = Release|Any CPU
	EndGlobalSection
	GlobalSection(SolutionProperties) = preSolution
		HideSolutionNode = FALSE
	EndGlobalSection
	GlobalSection(ExtensibilityGlobals) = postSolution
		SolutionGuid = {CE60C38E-C110-4C6D-A75A-9ED4984874DE}
	EndGlobalSection
EndGlobal
